
Microsoft Visual Studio Solution File, Format Version 12.00
# Visual Studio 15
VisualStudioVersion = 15.0.27428.2002
MinimumVisualStudioVersion = 10.0.40219.1
Project("{FAE04EC0-301F-11D3-BF4B-00C04F79EFBC}") = "RoboSeleniumRumo", "RoboSeleniumRumo\RoboSeleniumRumo.csproj", "{A9A43C96-946C-4919-98C6-CE431FAB12C1}"
EndProject
Global
	GlobalSection(SolutionConfigurationPlatforms) = preSolution
		Debug|Any CPU = Debug|Any CPU
		Release|Any CPU = Release|Any CPU
	EndGlobalSection
	GlobalSection(ProjectConfigurationPlatforms) = postSolution
		{A9A43C96-946C-4919-98C6-CE431FAB12C1}.Debug|Any CPU.ActiveCfg = Debug|Any CPU
		{A9A43C96-946C-4919-98C6-CE431FAB12C1}.Debug|Any CPU.Build.0 = Debug|Any CPU
		{A9A43C96-946C-4919-98C6-CE431FAB12C1}.Release|Any CPU.ActiveCfg = Release|Any CPU
		{A9A43C96-946C-4919-98C6-CE431FAB12C1}.Release|Any CPU.Build.0 = Release|Any CPU
	EndGlobalSection
	GlobalSection(SolutionProperties) = preSolution
		HideSolutionNode = FALSE
	EndGlobalSection
	GlobalSection(ExtensibilityGlobals) = postSolution
		SolutionGuid = {FFAC2AC9-B23B-41A3-8DD1-17C4B80BEAE3}
	EndGlobalSection
EndGlobal
